{
    "_readme": [
        "This file locks the dependencies of your project to a known state",
        "Read more about it at https://getcomposer.org/doc/01-basic-usage.md#composer-lock-the-lock-file",
        "This file is @generated automatically"
    ],
    "hash": "f9ff2298d7b12aaf6f7ad6af35a93007",
    "content-hash": "94cccfe24fa48a2d4f216fe8141114c9",
    "packages": [
        {
            "name": "pear-pear.php.net/Archive_Tar",
            "version": "1.4.0",
            "dist": {
                "type": "file",
                "url": "http://pear.php.net/get/Archive_Tar-1.4.0.tgz",
                "reference": null,
                "shasum": null
            },
            "require": {
                "php": ">=5.2.0.0"
            },
            "replace": {
                "pear-pear/archive_tar": "== 1.4.0.0"
            },
            "type": "pear-library",
            "autoload": {
                "classmap": [
                    ""
                ]
            },
            "include-path": [
                "/"
            ],
            "license": [
                "New BSD License"
            ],
            "description": "This class provides handling of tar files in PHP.\nIt supports creating, listing, extracting and adding to tar files.\nGzip support is available if PHP has the zlib extension built-in or\nloaded. Bz2 compression is also supported with the bz2 extension loaded."
        },
        {
            "name": "pear-pear.php.net/Console_Getopt",
            "version": "1.4.1",
            "dist": {
                "type": "file",
                "url": "http://pear.php.net/get/Console_Getopt-1.4.1.tgz",
                "reference": null,
                "shasum": null
            },
            "require": {
                "php": ">=5.4.0.0"
            },
            "replace": {
                "pear-pear/console_getopt": "== 1.4.1.0"
            },
            "type": "pear-library",
            "autoload": {
                "classmap": [
                    ""
                ]
            },
            "include-path": [
                "/"
            ],
            "license": [
                "BSD-2-Clause"
            ],
            "description": "This is a PHP implementation of \"getopt\" supporting both\nshort and long options."
        },
        {
            "name": "pear-pear.php.net/DB",
            "version": "1.7.4",
            "dist": {
                "type": "file",
                "url": "http://pear.php.net/get/DB-1.7.4.tgz",
                "reference": null,
                "shasum": null
            },
            "require": {
                "pear-pear.php.net/pear": ">=1.0.0.0",
                "php": ">=4.2.0.0"
            },
            "replace": {
                "pear-pear/db": "== 1.7.4.0"
            },
            "type": "pear-library",
            "autoload": {
                "classmap": [
                    ""
                ]
            },
            "include-path": [
                "/"
            ],
            "license": [
                "PHP License"
            ],
            "description": "DB is a database abstraction layer providing:\n* an OO-style query API\n* portability features that make programs written for one DBMS work with other DBMS's\n* a DSN (data source name) format for specifying database servers\n* prepare/execute (bind) emulation for databases that don't support it natively\n* a result object for each query response\n* portable error codes\n* sequence emulation\n* sequential and non-sequential row fetching as well as bulk fetching\n* formats fetched rows as associative arrays, ordered arrays or objects\n* row limit support\n* transactions support\n* table information interface\n* DocBook and phpDocumentor API documentation\n\nDB layers itself on top of PHP's existing\ndatabase extensions.\n\nDrivers for the following extensions pass\nthe complete test suite and provide\ninterchangeability when all of DB's\nportability options are enabled:\n\n  fbsql, ibase, informix, msql, mssql,\n  mysql, mysqli, oci8, odbc, pgsql,\n  sqlite and sybase.\n\nThere is also a driver for the dbase\nextension, but it can't be used\ninterchangeably because dbase doesn't\nsupport many standard DBMS features.\n\nDB is compatible with PHP 5."
        },
        {
            "name": "pear-pear.php.net/PEAR",
            "version": "1.10.1",
            "dist": {
                "type": "file",
                "url": "http://pear.php.net/get/PEAR-1.10.1.tgz",
                "reference": null,
                "shasum": null
            },
            "require": {
                "ext-pcre": "*",
                "ext-xml": "*",
                "pear-pear.php.net/archive_tar": ">=1.4.0.0",
                "pear-pear.php.net/console_getopt": ">=1.4.1.0",
                "pear-pear.php.net/structures_graph": ">=1.1.0.0",
                "pear-pear.php.net/xml_util": ">=1.3.0.0",
                "php": ">=5.4.0.0"
            },
            "conflict": {
                "pear-pear.php.net/pear_frontend_gtk": "<0.4.0.0",
                "pear-pear.php.net/pear_frontend_web": "<=0.4.0.0"
            },
            "replace": {
                "pear-pear/pear": "== 1.10.1.0"
            },
            "type": "pear-library",
            "autoload": {
                "classmap": [
                    ""
                ]
            },
            "include-path": [
                "/"
            ],
            "license": [
                "New BSD License"
            ],
            "description": "The PEAR package contains:\n * the PEAR installer, for creating, distributing\n   and installing packages\n * the PEAR_Exception PHP5 error handling mechanism\n * the PEAR_ErrorStack advanced error handling mechanism\n * the PEAR_Error error handling mechanism\n * the OS_Guess class for retrieving info about the OS\n   where PHP is running on\n * the System class for quick handling of common operations\n   with files and directories\n * the PEAR base class\n  Features in a nutshell:\n  * full support for channels\n  * pre-download dependency validation\n  * new package.xml 2.0 format allows tremendous flexibility while maintaining BC\n  * support for optional dependency groups and limited support for sub-packaging\n  * robust dependency support\n  * full dependency validation on uninstall\n  * remote install for hosts with only ftp access - no more problems with\n    restricted host installation\n  * full support for mirroring\n  * support for bundling several packages into a single tarball\n  * support for static dependencies on a url-based package\n  * support for custom file roles and installation tasks"
        },
        {
            "name": "pear-pear.php.net/Structures_Graph",
            "version": "1.1.1",
            "dist": {
                "type": "file",
                "url": "http://pear.php.net/get/Structures_Graph-1.1.1.tgz",
                "reference": null,
                "shasum": null
            },
            "require": {
                "php": ">=5.3.0.0"
            },
            "replace": {
                "pear-pear/structures_graph": "== 1.1.1.0"
            },
            "type": "pear-library",
            "autoload": {
                "classmap": [
                    ""
                ]
            },
            "include-path": [
                "/"
            ],
            "license": [
                "LGPL-3.0+"
            ],
            "description": "Structures_Graph is a package for creating and manipulating graph datastructures. It allows building of directed\nand undirected graphs, with data and metadata stored in nodes. The library provides functions for graph traversing\nas well as for characteristic extraction from the graph topology."
        },
        {
            "name": "pear-pear.php.net/XML_Util",
            "version": "1.3.0",
            "dist": {
                "type": "file",
                "url": "http://pear.php.net/get/XML_Util-1.3.0.tgz",
                "reference": null,
                "shasum": null
            },
            "require": {
                "ext-pcre": "*",
                "php": ">=5.3.0.0"
            },
            "replace": {
                "pear-pear/xml_util": "== 1.3.0.0"
            },
            "type": "pear-library",
            "autoload": {
                "classmap": [
                    ""
                ]
            },
            "include-path": [
                "/"
            ],
            "license": [
                "BSD License"
            ],
            "description": "Selection of methods that are often needed when working with XML documents.  Functionality includes creating of attribute lists from arrays, creation of tags, validation of XML names and more."
        }
    ],
    "packages-dev": [],
    "aliases": [],
    "minimum-stability": "stable",
    "stability-flags": [],
    "prefer-stable": false,
    "prefer-lowest": false,
    "platform": {
        "php": ">=5.5.9"
    },
    "platform-dev": []
}
